
Microsoft Visual Studio Solution File, Format Version 12.00
# Visual Studio Version 17
VisualStudioVersion = 17.1.32328.378
MinimumVisualStudioVersion = 10.0.40219.1
Project("{FAE04EC0-301F-11D3-BF4B-00C04F79EFBC}") = "Registro", "Registro\Registro.csproj", "{1E09603F-B169-4E04-8BB5-E5A028321454}"
EndProject
Global
	GlobalSection(SolutionConfigurationPlatforms) = preSolution
		Debug|Any CPU = Debug|Any CPU
		Release|Any CPU = Release|Any CPU
	EndGlobalSection
	GlobalSection(ProjectConfigurationPlatforms) = postSolution
		{1E09603F-B169-4E04-8BB5-E5A028321454}.Debug|Any CPU.ActiveCfg = Debug|Any CPU
		{1E09603F-B169-4E04-8BB5-E5A028321454}.Debug|Any CPU.Build.0 = Debug|Any CPU
		{1E09603F-B169-4E04-8BB5-E5A028321454}.Release|Any CPU.ActiveCfg = Release|Any CPU
		{1E09603F-B169-4E04-8BB5-E5A028321454}.Release|Any CPU.Build.0 = Release|Any CPU
	EndGlobalSection
	GlobalSection(SolutionProperties) = preSolution
		HideSolutionNode = FALSE
	EndGlobalSection
	GlobalSection(ExtensibilityGlobals) = postSolution
		SolutionGuid = {BD105275-B8C1-4EAE-8279-B6DA0A65784B}
	EndGlobalSection
EndGlobal
